// !$*UTF8*$!
{
	archiveVersion = 1;
	classes = {
	};
	objectVersion = 46;
	objects = {
/* Begin PBXBuildFile section */
		0207DA581B56EA530066E2B4 /* Images.xcassets in Resources */ = {isa = PBXBuildFile; fileRef = 0207DA571B56EA530066E2B4 /* Images.xcassets */; };
		1D3623260D0F684500981E51 /* AppDelegate.m in Sources */ = {isa = PBXBuildFile; fileRef = 1D3623250D0F684500981E51 /* AppDelegate.m */; };
		1D60589B0D05DD56006BFB54 /* main.m in Sources */ = {isa = PBXBuildFile; fileRef = 29B97316FDCFA39411CA2CEA /* main.m */; };
		301BF552109A68D80062928A /* libCordova.a in Frameworks */ = {isa = PBXBuildFile; fileRef = 301BF535109A57CC0062928A /* libCordova.a */; };
		302D95F114D2391D003F00A1 /* MainViewController.m in Sources */ = {isa = PBXBuildFile; fileRef = 302D95EF14D2391D003F00A1 /* MainViewController.m */; };
		302D95F214D2391D003F00A1 /* MainViewController.xib in Resources */ = {isa = PBXBuildFile; fileRef = 302D95F014D2391D003F00A1 /* MainViewController.xib */; };
		3047A5121AB8059700498E2A /* build-debug.xcconfig in Resources */ = {isa = PBXBuildFile; fileRef = 3047A50F1AB8059700498E2A /* build-debug.xcconfig */; };
		3047A5131AB8059700498E2A /* build-release.xcconfig in Resources */ = {isa = PBXBuildFile; fileRef = 3047A5101AB8059700498E2A /* build-release.xcconfig */; };
		3047A5141AB8059700498E2A /* build.xcconfig in Resources */ = {isa = PBXBuildFile; fileRef = 3047A5111AB8059700498E2A /* build.xcconfig */; };
		6AFF5BF91D6E424B00AB3073 /* CDVLaunchScreen.storyboard in Resources */ = {isa = PBXBuildFile; fileRef = 6AFF5BF81D6E424B00AB3073 /* CDVLaunchScreen.storyboard */; };
		AF696B543A4D4D99BC62F6A5 /* CDVBattery.m in Sources */ = {isa = PBXBuildFile; fileRef = 415B3EDC0BD044BD88AB5E31 /* CDVBattery.m */; };
		5D52B81300F040389FE2A045 /* UIImage+CropScaleOrientation.m in Sources */ = {isa = PBXBuildFile; fileRef = 54981FE5602C4A18B254F8D9 /* UIImage+CropScaleOrientation.m */; };
		E4D1189D957245D8AB16D55D /* CDVCamera.m in Sources */ = {isa = PBXBuildFile; fileRef = CB8D5651F3EA4176B925366A /* CDVCamera.m */; };
		620BC09455B04D1A8421B915 /* CDVJpegHeaderWriter.m in Sources */ = {isa = PBXBuildFile; fileRef = C84A6BB67DF64D6F9910CE4B /* CDVJpegHeaderWriter.m */; };
		FF61C259875B4B4A8C19E8B8 /* ImageIO.framework in Frameworks */ = {isa = PBXBuildFile; fileRef = 1DAADAEF6B6F4A8296D0CD73 /* ImageIO.framework */; settings = {ATTRIBUTES = (Weak, ); }; };
		6A115BDC1F9F4C1FBAE43F0B /* AVFoundation.framework in Frameworks */ = {isa = PBXBuildFile; fileRef = C08ACF8C7491478AAA9F893A /* AVFoundation.framework */; };
		4C9887D5D1BA43B68BEAEB94 /* CDVLogger.m in Sources */ = {isa = PBXBuildFile; fileRef = CB789B230257416FBF195B1F /* CDVLogger.m */; };
		8B55CB3956134744ACC5DDEE /* CDVContacts.m in Sources */ = {isa = PBXBuildFile; fileRef = 2D1C999B72F04BD3B41A8F62 /* CDVContacts.m */; };
		6762F189466F4955875449A7 /* CDVContact.m in Sources */ = {isa = PBXBuildFile; fileRef = 2040BF2602924977AF287A31 /* CDVContact.m */; };
		184ADA83CED34CC8A9A916DB /* AddressBook.framework in Frameworks */ = {isa = PBXBuildFile; fileRef = D2E221B5C1DA4036B7E291BD /* AddressBook.framework */; settings = {ATTRIBUTES = (Weak, ); }; };
		C8DEA6FA22EA4997899B6DBA /* AddressBookUI.framework in Frameworks */ = {isa = PBXBuildFile; fileRef = 7F3E3C0A1B6842DD94480E5B /* AddressBookUI.framework */; settings = {ATTRIBUTES = (Weak, ); }; };
		A78D289158FE4C36A228BBA2 /* CDVDevice.m in Sources */ = {isa = PBXBuildFile; fileRef = 892CE777DBBB4BE0A04CF0E2 /* CDVDevice.m */; };
		B74ABC6F0F184BB7871B5DFA /* libz.tbd in Frameworks */ = {isa = PBXBuildFile; fileRef = C9EF184A031B4D03A0534830 /* libz.tbd */; };
		7E77812A90D74A0FBBF6DAF4 /* CDVAccelerometer.m in Sources */ = {isa = PBXBuildFile; fileRef = 26FEA6384B0A480B91DA54AC /* CDVAccelerometer.m */; };
		45A0BE748B474A3492FD6400 /* CoreMotion.framework in Frameworks */ = {isa = PBXBuildFile; fileRef = E9FB7243A27549AEA0916371 /* CoreMotion.framework */; };
		7115ACDCB10F49A79366D8D2 /* CDVCompass.m in Sources */ = {isa = PBXBuildFile; fileRef = D7F2ABF116C54575BD6CFC43 /* CDVCompass.m */; };
		0A1A4F4147734F49AE48BA7C /* CDVNotification.m in Sources */ = {isa = PBXBuildFile; fileRef = B5B57B91F1784FCEAF4D256B /* CDVNotification.m */; };
		4F5FA619064042B2A5EE57D1 /* CDVNotification.bundle in Resources */ = {isa = PBXBuildFile; fileRef = D31BE799A72244E9A6C37E10 /* CDVNotification.bundle */; };
		8AF57DD6D7394B69BF293EF3 /* CDVFileTransfer.m in Sources */ = {isa = PBXBuildFile; fileRef = B9156C6D6EA04E06957BF056 /* CDVFileTransfer.m */; };
		DD780CBD047248DD8AEC4805 /* CDVLocation.m in Sources */ = {isa = PBXBuildFile; fileRef = 6D05EAC0871E486DBADA7575 /* CDVLocation.m */; };
		A60278B19B83480587EBB322 /* CoreLocation.framework in Frameworks */ = {isa = PBXBuildFile; fileRef = 3999C2B8D2024F53B4FD3F7A /* CoreLocation.framework */; };
		22851C8019C24222BEE44D55 /* CDVGlobalization.m in Sources */ = {isa = PBXBuildFile; fileRef = 3A33E049C44A440E88EBF8F4 /* CDVGlobalization.m */; };
		3FCF08EADB1F49629E979100 /* CDVInAppBrowser.m in Sources */ = {isa = PBXBuildFile; fileRef = 7E3A340CA74A402A919319C2 /* CDVInAppBrowser.m */; };
		9F7F317F106740508E44C5DC /* CDVSound.m in Sources */ = {isa = PBXBuildFile; fileRef = 5FC57E4E97A44852AC772986 /* CDVSound.m */; };
		45E5FA12126B4AE78A593ADA /* CDVCapture.m in Sources */ = {isa = PBXBuildFile; fileRef = C6E55E909B1F42FD943686A2 /* CDVCapture.m */; };
		4E000BF46026439580392DDC /* CDVCapture.bundle in Resources */ = {isa = PBXBuildFile; fileRef = AB378251880841979201B29F /* CDVCapture.bundle */; };
		A6B86DD8E9D9477F8073DB6F /* CDVConnection.m in Sources */ = {isa = PBXBuildFile; fileRef = BEBB3B7F1FF64F6ABFA3C46F /* CDVConnection.m */; };
		9D756935F6AC4AAB8863570B /* CDVReachability.m in Sources */ = {isa = PBXBuildFile; fileRef = 1D10125DB8C543ED878083BC /* CDVReachability.m */; };
		E2A45CD919634F94B73E0E00 /* SystemConfiguration.framework in Frameworks */ = {isa = PBXBuildFile; fileRef = B5D64382A14D4825ADCE1CF2 /* SystemConfiguration.framework */; settings = {ATTRIBUTES = (Weak, ); }; };
		9D83784734D948E8BEEE5754 /* CoreTelephony.framework in Frameworks */ = {isa = PBXBuildFile; fileRef = FADEBBA556964AC19C9DEAEF /* CoreTelephony.framework */; };
		1DA7A052EA7C49DBAC0F06F4 /* CDVSplashScreen.m in Sources */ = {isa = PBXBuildFile; fileRef = D64994ABB017470DBABA82AA /* CDVSplashScreen.m */; };
		A3D98B57523E4E928A432C64 /* CDVViewController+SplashScreen.m in Sources */ = {isa = PBXBuildFile; fileRef = 6CAA408A0EFA4CBA93CAA059 /* CDVViewController+SplashScreen.m */; };
		D84A3FD121374C1CB139F2C6 /* CDVStatusBar.m in Sources */ = {isa = PBXBuildFile; fileRef = 93134BD09C704C19A8D48948 /* CDVStatusBar.m */; };
		70D0A0F679644B3FA0A5BA58 /* CDVVibration.m in Sources */ = {isa = PBXBuildFile; fileRef = 89A5017722E7479FA5AFA46E /* CDVVibration.m */; };
		24156A3321FD4DA0816EDEEA /* AudioToolbox.framework in Frameworks */ = {isa = PBXBuildFile; fileRef = A5CD500689EB4115ADB84419 /* AudioToolbox.framework */; settings = {ATTRIBUTES = (Weak, ); }; };
		EFFBFA1658204A6D92A00DFC /* CDVFile.m in Sources */ = {isa = PBXBuildFile; fileRef = A9B4547AE04C4AB39EAEA66E /* CDVFile.m */; };
		138ABA1AF7A342E980F3B7F1 /* CDVLocalFilesystem.m in Sources */ = {isa = PBXBuildFile; fileRef = 658FE95B710E49A1999BDB7E /* CDVLocalFilesystem.m */; };
		9041E6BDD6E44ABE8FC73078 /* CDVAssetLibraryFilesystem.m in Sources */ = {isa = PBXBuildFile; fileRef = 7ED824300AEE44F8A5BD61B6 /* CDVAssetLibraryFilesystem.m */; };
/* End PBXBuildFile section */

/* Begin PBXContainerItemProxy section */
		301BF534109A57CC0062928A /* PBXContainerItemProxy */ = {
			isa = PBXContainerItemProxy;
			containerPortal = 301BF52D109A57CC0062928A /* CordovaLib.xcodeproj */;
			proxyType = 2;
			remoteGlobalIDString = D2AAC07E0554694100DB518D;
			remoteInfo = CordovaLib;
		};
		301BF550109A68C00062928A /* PBXContainerItemProxy */ = {
			isa = PBXContainerItemProxy;
			containerPortal = 301BF52D109A57CC0062928A /* CordovaLib.xcodeproj */;
			proxyType = 1;
			remoteGlobalIDString = D2AAC07D0554694100DB518D;
			remoteInfo = CordovaLib;
		};
/* End PBXContainerItemProxy section */

/* Begin PBXFileReference section */
		0207DA571B56EA530066E2B4 /* Images.xcassets */ = {isa = PBXFileReference; lastKnownFileType = folder.assetcatalog; name = Images.xcassets; path = "Nazarene/Images.xcassets"; sourceTree = SOURCE_ROOT; };
		1D3623240D0F684500981E51 /* AppDelegate.h */ = {isa = PBXFileReference; fileEncoding = 4; lastKnownFileType = sourcecode.c.h; path = AppDelegate.h; sourceTree = "<group>"; };
		1D3623250D0F684500981E51 /* AppDelegate.m */ = {isa = PBXFileReference; fileEncoding = 4; lastKnownFileType = sourcecode.c.objc; path = AppDelegate.m; sourceTree = "<group>"; };
		1D6058910D05DD3D006BFB54 /* Nazarene.app */ = {isa = PBXFileReference; explicitFileType = wrapper.application; includeInIndex = 0; path = "Nazarene.app"; sourceTree = BUILT_PRODUCTS_DIR; };
		29B97316FDCFA39411CA2CEA /* main.m */ = {isa = PBXFileReference; fileEncoding = 4; lastKnownFileType = sourcecode.c.objc; path = main.m; sourceTree = "<group>"; };
		301BF52D109A57CC0062928A /* CordovaLib.xcodeproj */ = {isa = PBXFileReference; lastKnownFileType = "wrapper.pb-project"; name = CordovaLib.xcodeproj; path = CordovaLib/CordovaLib.xcodeproj; sourceTree = "<group>"; };
		301BF56E109A69640062928A /* www */ = {isa = PBXFileReference; lastKnownFileType = folder; path = www; sourceTree = SOURCE_ROOT; };
		302D95EE14D2391D003F00A1 /* MainViewController.h */ = {isa = PBXFileReference; fileEncoding = 4; lastKnownFileType = sourcecode.c.h; path = MainViewController.h; sourceTree = "<group>"; };
		302D95EF14D2391D003F00A1 /* MainViewController.m */ = {isa = PBXFileReference; fileEncoding = 4; lastKnownFileType = sourcecode.c.objc; path = MainViewController.m; sourceTree = "<group>"; };
		302D95F014D2391D003F00A1 /* MainViewController.xib */ = {isa = PBXFileReference; fileEncoding = 4; lastKnownFileType = file.xib; path = MainViewController.xib; sourceTree = "<group>"; };
		3047A50F1AB8059700498E2A /* build-debug.xcconfig */ = {isa = PBXFileReference; fileEncoding = 4; lastKnownFileType = text.xcconfig; name = "build-debug.xcconfig"; path = cordova/build-debug.xcconfig; sourceTree = SOURCE_ROOT; };
		3047A5101AB8059700498E2A /* build-release.xcconfig */ = {isa = PBXFileReference; fileEncoding = 4; lastKnownFileType = text.xcconfig; name = "build-release.xcconfig"; path = cordova/build-release.xcconfig; sourceTree = SOURCE_ROOT; };
		3047A5111AB8059700498E2A /* build.xcconfig */ = {isa = PBXFileReference; fileEncoding = 4; lastKnownFileType = text.xcconfig; name = build.xcconfig; path = cordova/build.xcconfig; sourceTree = SOURCE_ROOT; };
		32CA4F630368D1EE00C91783 /* Nazarene-Prefix.pch */ = {isa = PBXFileReference; fileEncoding = 4; lastKnownFileType = sourcecode.c.h; path = "Nazarene-Prefix.pch"; sourceTree = "<group>"; };
		6AFF5BF81D6E424B00AB3073 /* CDVLaunchScreen.storyboard */ = {isa = PBXFileReference; fileEncoding = 4; lastKnownFileType = file.storyboard; name = CDVLaunchScreen.storyboard; path = "Nazarene/CDVLaunchScreen.storyboard"; sourceTree = SOURCE_ROOT; };
		8D1107310486CEB800E47090 /* Nazarene-Info.plist */ = {isa = PBXFileReference; fileEncoding = 4; lastKnownFileType = text.plist.xml; name = "Nazarene-Info.plist"; path = "Nazarene/Nazarene-Info.plist"; plistStructureDefinitionIdentifier = "com.apple.xcode.plist.structure-definition.iphone.info-plist"; sourceTree = SOURCE_ROOT; };
		EB87FDF31871DA8E0020F90C /* www */ = {isa = PBXFileReference; lastKnownFileType = folder; name = www; path = ../../www; sourceTree = "<group>"; };
		EB87FDF41871DAF40020F90C /* config.xml */ = {isa = PBXFileReference; lastKnownFileType = text.xml; name = config.xml; path = ../../config.xml; sourceTree = "<group>"; };
		F840E1F0165FE0F500CFE078 /* config.xml */ = {isa = PBXFileReference; lastKnownFileType = text.xml; name = config.xml; path = "Nazarene/config.xml"; sourceTree = "<group>"; };
		ED33DF2A687741AEAF9F8254 /* Bridging-Header.h */ = {isa = PBXFileReference; fileEncoding = 4; lastKnownFileType = sourcecode.c.h; name = "Bridging-Header.h"; path = "Bridging-Header.h"; sourceTree = "<group>"; };
		415B3EDC0BD044BD88AB5E31 /* CDVBattery.m */ = {isa = PBXFileReference; name = "CDVBattery.m"; path = "cordova-plugin-battery-status/CDVBattery.m"; sourceTree = "<group>"; fileEncoding = 4; lastKnownFileType = sourcecode.c.objc; explicitFileType = undefined; includeInIndex = 0; };
		D800F3F3D4EA4384A054F30B /* CDVBattery.h */ = {isa = PBXFileReference; name = "CDVBattery.h"; path = "cordova-plugin-battery-status/CDVBattery.h"; sourceTree = "<group>"; fileEncoding = 4; lastKnownFileType = sourcecode.c.h; explicitFileType = undefined; includeInIndex = 0; };
		54981FE5602C4A18B254F8D9 /* UIImage+CropScaleOrientation.m */ = {isa = PBXFileReference; name = "UIImage+CropScaleOrientation.m"; path = "cordova-plugin-camera/UIImage+CropScaleOrientation.m"; sourceTree = "<group>"; fileEncoding = 4; lastKnownFileType = sourcecode.c.objc; explicitFileType = undefined; includeInIndex = 0; };
		CB8D5651F3EA4176B925366A /* CDVCamera.m */ = {isa = PBXFileReference; name = "CDVCamera.m"; path = "cordova-plugin-camera/CDVCamera.m"; sourceTree = "<group>"; fileEncoding = 4; lastKnownFileType = sourcecode.c.objc; explicitFileType = undefined; includeInIndex = 0; };
		C84A6BB67DF64D6F9910CE4B /* CDVJpegHeaderWriter.m */ = {isa = PBXFileReference; name = "CDVJpegHeaderWriter.m"; path = "cordova-plugin-camera/CDVJpegHeaderWriter.m"; sourceTree = "<group>"; fileEncoding = 4; lastKnownFileType = sourcecode.c.objc; explicitFileType = undefined; includeInIndex = 0; };
		FED2D2369CCA423F8DF23C8A /* UIImage+CropScaleOrientation.h */ = {isa = PBXFileReference; name = "UIImage+CropScaleOrientation.h"; path = "cordova-plugin-camera/UIImage+CropScaleOrientation.h"; sourceTree = "<group>"; fileEncoding = 4; lastKnownFileType = sourcecode.c.h; explicitFileType = undefined; includeInIndex = 0; };
		C160777ED9A146EF906B6B86 /* CDVCamera.h */ = {isa = PBXFileReference; name = "CDVCamera.h"; path = "cordova-plugin-camera/CDVCamera.h"; sourceTree = "<group>"; fileEncoding = 4; lastKnownFileType = sourcecode.c.h; explicitFileType = undefined; includeInIndex = 0; };
		31093868F09447E0BE115F9C /* CDVJpegHeaderWriter.h */ = {isa = PBXFileReference; name = "CDVJpegHeaderWriter.h"; path = "cordova-plugin-camera/CDVJpegHeaderWriter.h"; sourceTree = "<group>"; fileEncoding = 4; lastKnownFileType = sourcecode.c.h; explicitFileType = undefined; includeInIndex = 0; };
		24A239979C154FB6BE0A7C30 /* CDVExif.h */ = {isa = PBXFileReference; name = "CDVExif.h"; path = "cordova-plugin-camera/CDVExif.h"; sourceTree = "<group>"; fileEncoding = 4; lastKnownFileType = sourcecode.c.h; explicitFileType = undefined; includeInIndex = 0; };
		1DAADAEF6B6F4A8296D0CD73 /* ImageIO.framework */ = {isa = PBXFileReference; name = "ImageIO.framework"; path = "System/Library/Frameworks/ImageIO.framework"; sourceTree = SDKROOT; fileEncoding = undefined; lastKnownFileType = wrapper.framework; explicitFileType = undefined; includeInIndex = 0; };
		C08ACF8C7491478AAA9F893A /* AVFoundation.framework */ = {isa = PBXFileReference; name = "AVFoundation.framework"; path = "System/Library/Frameworks/AVFoundation.framework"; sourceTree = SDKROOT; fileEncoding = undefined; lastKnownFileType = wrapper.framework; explicitFileType = undefined; includeInIndex = 0; };
		CB789B230257416FBF195B1F /* CDVLogger.m */ = {isa = PBXFileReference; name = "CDVLogger.m"; path = "cordova-plugin-console/CDVLogger.m"; sourceTree = "<group>"; fileEncoding = 4; lastKnownFileType = sourcecode.c.objc; explicitFileType = undefined; includeInIndex = 0; };
		725F0A6F009F45ACB04834AF /* CDVLogger.h */ = {isa = PBXFileReference; name = "CDVLogger.h"; path = "cordova-plugin-console/CDVLogger.h"; sourceTree = "<group>"; fileEncoding = 4; lastKnownFileType = sourcecode.c.h; explicitFileType = undefined; includeInIndex = 0; };
		2D1C999B72F04BD3B41A8F62 /* CDVContacts.m */ = {isa = PBXFileReference; name = "CDVContacts.m"; path = "cordova-plugin-contacts/CDVContacts.m"; sourceTree = "<group>"; fileEncoding = 4; lastKnownFileType = sourcecode.c.objc; explicitFileType = undefined; includeInIndex = 0; };
		2040BF2602924977AF287A31 /* CDVContact.m */ = {isa = PBXFileReference; name = "CDVContact.m"; path = "cordova-plugin-contacts/CDVContact.m"; sourceTree = "<group>"; fileEncoding = 4; lastKnownFileType = sourcecode.c.objc; explicitFileType = undefined; includeInIndex = 0; };
		08BF26E087814DA68DAB43CD /* CDVContacts.h */ = {isa = PBXFileReference; name = "CDVContacts.h"; path = "cordova-plugin-contacts/CDVContacts.h"; sourceTree = "<group>"; fileEncoding = 4; lastKnownFileType = sourcecode.c.h; explicitFileType = undefined; includeInIndex = 0; };
		6B5488E8E0B94332B5EFF2DC /* CDVContact.h */ = {isa = PBXFileReference; name = "CDVContact.h"; path = "cordova-plugin-contacts/CDVContact.h"; sourceTree = "<group>"; fileEncoding = 4; lastKnownFileType = sourcecode.c.h; explicitFileType = undefined; includeInIndex = 0; };
		D2E221B5C1DA4036B7E291BD /* AddressBook.framework */ = {isa = PBXFileReference; name = "AddressBook.framework"; path = "System/Library/Frameworks/AddressBook.framework"; sourceTree = SDKROOT; fileEncoding = undefined; lastKnownFileType = wrapper.framework; explicitFileType = undefined; includeInIndex = 0; };
		7F3E3C0A1B6842DD94480E5B /* AddressBookUI.framework */ = {isa = PBXFileReference; name = "AddressBookUI.framework"; path = "System/Library/Frameworks/AddressBookUI.framework"; sourceTree = SDKROOT; fileEncoding = undefined; lastKnownFileType = wrapper.framework; explicitFileType = undefined; includeInIndex = 0; };
		892CE777DBBB4BE0A04CF0E2 /* CDVDevice.m */ = {isa = PBXFileReference; name = "CDVDevice.m"; path = "cordova-plugin-device/CDVDevice.m"; sourceTree = "<group>"; fileEncoding = 4; lastKnownFileType = sourcecode.c.objc; explicitFileType = undefined; includeInIndex = 0; };
		0A2EC715E95D4D9994286CF3 /* CDVDevice.h */ = {isa = PBXFileReference; name = "CDVDevice.h"; path = "cordova-plugin-device/CDVDevice.h"; sourceTree = "<group>"; fileEncoding = 4; lastKnownFileType = sourcecode.c.h; explicitFileType = undefined; includeInIndex = 0; };
		C9EF184A031B4D03A0534830 /* libz.tbd */ = {isa = PBXFileReference; name = "libz.tbd"; path = "usr/lib/libz.tbd"; sourceTree = SDKROOT; fileEncoding = undefined; lastKnownFileType = sourcecode.text-based-dylib-definition; explicitFileType = undefined; includeInIndex = 0; };
		26FEA6384B0A480B91DA54AC /* CDVAccelerometer.m */ = {isa = PBXFileReference; name = "CDVAccelerometer.m"; path = "cordova-plugin-device-motion/CDVAccelerometer.m"; sourceTree = "<group>"; fileEncoding = 4; lastKnownFileType = sourcecode.c.objc; explicitFileType = undefined; includeInIndex = 0; };
		5B77883CBA6C47B1A83D38E2 /* CDVAccelerometer.h */ = {isa = PBXFileReference; name = "CDVAccelerometer.h"; path = "cordova-plugin-device-motion/CDVAccelerometer.h"; sourceTree = "<group>"; fileEncoding = 4; lastKnownFileType = sourcecode.c.h; explicitFileType = undefined; includeInIndex = 0; };
		E9FB7243A27549AEA0916371 /* CoreMotion.framework */ = {isa = PBXFileReference; name = "CoreMotion.framework"; path = "System/Library/Frameworks/CoreMotion.framework"; sourceTree = SDKROOT; fileEncoding = undefined; lastKnownFileType = wrapper.framework; explicitFileType = undefined; includeInIndex = 0; };
		D7F2ABF116C54575BD6CFC43 /* CDVCompass.m */ = {isa = PBXFileReference; name = "CDVCompass.m"; path = "cordova-plugin-device-orientation/CDVCompass.m"; sourceTree = "<group>"; fileEncoding = 4; lastKnownFileType = sourcecode.c.objc; explicitFileType = undefined; includeInIndex = 0; };
		547A9D4BF3FA46C4844EDC7E /* CDVCompass.h */ = {isa = PBXFileReference; name = "CDVCompass.h"; path = "cordova-plugin-device-orientation/CDVCompass.h"; sourceTree = "<group>"; fileEncoding = 4; lastKnownFileType = sourcecode.c.h; explicitFileType = undefined; includeInIndex = 0; };
		B5B57B91F1784FCEAF4D256B /* CDVNotification.m */ = {isa = PBXFileReference; name = "CDVNotification.m"; path = "cordova-plugin-dialogs/CDVNotification.m"; sourceTree = "<group>"; fileEncoding = 4; lastKnownFileType = sourcecode.c.objc; explicitFileType = undefined; includeInIndex = 0; };
		CFEE892C9EF04B5EADBC86BF /* CDVNotification.h */ = {isa = PBXFileReference; name = "CDVNotification.h"; path = "cordova-plugin-dialogs/CDVNotification.h"; sourceTree = "<group>"; fileEncoding = 4; lastKnownFileType = sourcecode.c.h; explicitFileType = undefined; includeInIndex = 0; };
		D31BE799A72244E9A6C37E10 /* CDVNotification.bundle */ = {isa = PBXFileReference; name = "CDVNotification.bundle"; path = "CDVNotification.bundle"; sourceTree = "<group>"; fileEncoding = undefined; lastKnownFileType = wrapper.plug-in; explicitFileType = undefined; includeInIndex = 0; };
		B9156C6D6EA04E06957BF056 /* CDVFileTransfer.m */ = {isa = PBXFileReference; name = "CDVFileTransfer.m"; path = "cordova-plugin-file-transfer/CDVFileTransfer.m"; sourceTree = "<group>"; fileEncoding = 4; lastKnownFileType = sourcecode.c.objc; explicitFileType = undefined; includeInIndex = 0; };
		52EB07218503416FB8AF8FEF /* CDVFileTransfer.h */ = {isa = PBXFileReference; name = "CDVFileTransfer.h"; path = "cordova-plugin-file-transfer/CDVFileTransfer.h"; sourceTree = "<group>"; fileEncoding = 4; lastKnownFileType = sourcecode.c.h; explicitFileType = undefined; includeInIndex = 0; };
		6D05EAC0871E486DBADA7575 /* CDVLocation.m */ = {isa = PBXFileReference; name = "CDVLocation.m"; path = "cordova-plugin-geolocation/CDVLocation.m"; sourceTree = "<group>"; fileEncoding = 4; lastKnownFileType = sourcecode.c.objc; explicitFileType = undefined; includeInIndex = 0; };
		7938E1B80CFA4CAC902E8816 /* CDVLocation.h */ = {isa = PBXFileReference; name = "CDVLocation.h"; path = "cordova-plugin-geolocation/CDVLocation.h"; sourceTree = "<group>"; fileEncoding = 4; lastKnownFileType = sourcecode.c.h; explicitFileType = undefined; includeInIndex = 0; };
		3999C2B8D2024F53B4FD3F7A /* CoreLocation.framework */ = {isa = PBXFileReference; name = "CoreLocation.framework"; path = "System/Library/Frameworks/CoreLocation.framework"; sourceTree = SDKROOT; fileEncoding = undefined; lastKnownFileType = wrapper.framework; explicitFileType = undefined; includeInIndex = 0; };
		3A33E049C44A440E88EBF8F4 /* CDVGlobalization.m */ = {isa = PBXFileReference; name = "CDVGlobalization.m"; path = "cordova-plugin-globalization/CDVGlobalization.m"; sourceTree = "<group>"; fileEncoding = 4; lastKnownFileType = sourcecode.c.objc; explicitFileType = undefined; includeInIndex = 0; };
		44CDBE19CAA84DAEA5A6D8E3 /* CDVGlobalization.h */ = {isa = PBXFileReference; name = "CDVGlobalization.h"; path = "cordova-plugin-globalization/CDVGlobalization.h"; sourceTree = "<group>"; fileEncoding = 4; lastKnownFileType = sourcecode.c.h; explicitFileType = undefined; includeInIndex = 0; };
		7E3A340CA74A402A919319C2 /* CDVInAppBrowser.m */ = {isa = PBXFileReference; name = "CDVInAppBrowser.m"; path = "cordova-plugin-inappbrowser/CDVInAppBrowser.m"; sourceTree = "<group>"; fileEncoding = 4; lastKnownFileType = sourcecode.c.objc; explicitFileType = undefined; includeInIndex = 0; };
		46780D1EBF8A47EEA665F03C /* CDVInAppBrowser.h */ = {isa = PBXFileReference; name = "CDVInAppBrowser.h"; path = "cordova-plugin-inappbrowser/CDVInAppBrowser.h"; sourceTree = "<group>"; fileEncoding = 4; lastKnownFileType = sourcecode.c.h; explicitFileType = undefined; includeInIndex = 0; };
		5FC57E4E97A44852AC772986 /* CDVSound.m */ = {isa = PBXFileReference; name = "CDVSound.m"; path = "cordova-plugin-media/CDVSound.m"; sourceTree = "<group>"; fileEncoding = 4; lastKnownFileType = sourcecode.c.objc; explicitFileType = undefined; includeInIndex = 0; };
		5FAE905043AE4C00BB82A251 /* CDVSound.h */ = {isa = PBXFileReference; name = "CDVSound.h"; path = "cordova-plugin-media/CDVSound.h"; sourceTree = "<group>"; fileEncoding = 4; lastKnownFileType = sourcecode.c.h; explicitFileType = undefined; includeInIndex = 0; };
		C6E55E909B1F42FD943686A2 /* CDVCapture.m */ = {isa = PBXFileReference; name = "CDVCapture.m"; path = "cordova-plugin-media-capture/CDVCapture.m"; sourceTree = "<group>"; fileEncoding = 4; lastKnownFileType = sourcecode.c.objc; explicitFileType = undefined; includeInIndex = 0; };
		8ADF7A8E4B8044E8AFA1A6CF /* CDVCapture.h */ = {isa = PBXFileReference; name = "CDVCapture.h"; path = "cordova-plugin-media-capture/CDVCapture.h"; sourceTree = "<group>"; fileEncoding = 4; lastKnownFileType = sourcecode.c.h; explicitFileType = undefined; includeInIndex = 0; };
		AB378251880841979201B29F /* CDVCapture.bundle */ = {isa = PBXFileReference; name = "CDVCapture.bundle"; path = "CDVCapture.bundle"; sourceTree = "<group>"; fileEncoding = undefined; lastKnownFileType = wrapper.plug-in; explicitFileType = undefined; includeInIndex = 0; };
		BEBB3B7F1FF64F6ABFA3C46F /* CDVConnection.m */ = {isa = PBXFileReference; name = "CDVConnection.m"; path = "cordova-plugin-network-information/CDVConnection.m"; sourceTree = "<group>"; fileEncoding = 4; lastKnownFileType = sourcecode.c.objc; explicitFileType = undefined; includeInIndex = 0; };
		1D10125DB8C543ED878083BC /* CDVReachability.m */ = {isa = PBXFileReference; name = "CDVReachability.m"; path = "cordova-plugin-network-information/CDVReachability.m"; sourceTree = "<group>"; fileEncoding = 4; lastKnownFileType = sourcecode.c.objc; explicitFileType = undefined; includeInIndex = 0; };
		942254B7D9BC450FA38C9C35 /* CDVConnection.h */ = {isa = PBXFileReference; name = "CDVConnection.h"; path = "cordova-plugin-network-information/CDVConnection.h"; sourceTree = "<group>"; fileEncoding = 4; lastKnownFileType = sourcecode.c.h; explicitFileType = undefined; includeInIndex = 0; };
		6B3CBB69CCD94B0FB3629336 /* CDVReachability.h */ = {isa = PBXFileReference; name = "CDVReachability.h"; path = "cordova-plugin-network-information/CDVReachability.h"; sourceTree = "<group>"; fileEncoding = 4; lastKnownFileType = sourcecode.c.h; explicitFileType = undefined; includeInIndex = 0; };
		B5D64382A14D4825ADCE1CF2 /* SystemConfiguration.framework */ = {isa = PBXFileReference; name = "SystemConfiguration.framework"; path = "System/Library/Frameworks/SystemConfiguration.framework"; sourceTree = SDKROOT; fileEncoding = undefined; lastKnownFileType = wrapper.framework; explicitFileType = undefined; includeInIndex = 0; };
		FADEBBA556964AC19C9DEAEF /* CoreTelephony.framework */ = {isa = PBXFileReference; name = "CoreTelephony.framework"; path = "System/Library/Frameworks/CoreTelephony.framework"; sourceTree = SDKROOT; fileEncoding = undefined; lastKnownFileType = wrapper.framework; explicitFileType = undefined; includeInIndex = 0; };
		D64994ABB017470DBABA82AA /* CDVSplashScreen.m */ = {isa = PBXFileReference; name = "CDVSplashScreen.m"; path = "cordova-plugin-splashscreen/CDVSplashScreen.m"; sourceTree = "<group>"; fileEncoding = 4; lastKnownFileType = sourcecode.c.objc; explicitFileType = undefined; includeInIndex = 0; };
		6CAA408A0EFA4CBA93CAA059 /* CDVViewController+SplashScreen.m */ = {isa = PBXFileReference; name = "CDVViewController+SplashScreen.m"; path = "cordova-plugin-splashscreen/CDVViewController+SplashScreen.m"; sourceTree = "<group>"; fileEncoding = 4; lastKnownFileType = sourcecode.c.objc; explicitFileType = undefined; includeInIndex = 0; };
		BEC3E0032A4B4CB2954FA470 /* CDVSplashScreen.h */ = {isa = PBXFileReference; name = "CDVSplashScreen.h"; path = "cordova-plugin-splashscreen/CDVSplashScreen.h"; sourceTree = "<group>"; fileEncoding = 4; lastKnownFileType = sourcecode.c.h; explicitFileType = undefined; includeInIndex = 0; };
		3DDC9EFD000D4F15B32B2FF3 /* CDVViewController+SplashScreen.h */ = {isa = PBXFileReference; name = "CDVViewController+SplashScreen.h"; path = "cordova-plugin-splashscreen/CDVViewController+SplashScreen.h"; sourceTree = "<group>"; fileEncoding = 4; lastKnownFileType = sourcecode.c.h; explicitFileType = undefined; includeInIndex = 0; };
		93134BD09C704C19A8D48948 /* CDVStatusBar.m */ = {isa = PBXFileReference; name = "CDVStatusBar.m"; path = "cordova-plugin-statusbar/CDVStatusBar.m"; sourceTree = "<group>"; fileEncoding = 4; lastKnownFileType = sourcecode.c.objc; explicitFileType = undefined; includeInIndex = 0; };
		A84115EAD9A749988BDC1686 /* CDVStatusBar.h */ = {isa = PBXFileReference; name = "CDVStatusBar.h"; path = "cordova-plugin-statusbar/CDVStatusBar.h"; sourceTree = "<group>"; fileEncoding = 4; lastKnownFileType = sourcecode.c.h; explicitFileType = undefined; includeInIndex = 0; };
		89A5017722E7479FA5AFA46E /* CDVVibration.m */ = {isa = PBXFileReference; name = "CDVVibration.m"; path = "cordova-plugin-vibration/CDVVibration.m"; sourceTree = "<group>"; fileEncoding = 4; lastKnownFileType = sourcecode.c.objc; explicitFileType = undefined; includeInIndex = 0; };
		CF5F01ECFD6949158C7915D7 /* CDVVibration.h */ = {isa = PBXFileReference; name = "CDVVibration.h"; path = "cordova-plugin-vibration/CDVVibration.h"; sourceTree = "<group>"; fileEncoding = 4; lastKnownFileType = sourcecode.c.h; explicitFileType = undefined; includeInIndex = 0; };
		A5CD500689EB4115ADB84419 /* AudioToolbox.framework */ = {isa = PBXFileReference; name = "AudioToolbox.framework"; path = "System/Library/Frameworks/AudioToolbox.framework"; sourceTree = SDKROOT; fileEncoding = undefined; lastKnownFileType = wrapper.framework; explicitFileType = undefined; includeInIndex = 0; };
		A9B4547AE04C4AB39EAEA66E /* CDVFile.m */ = {isa = PBXFileReference; name = "CDVFile.m"; path = "cordova-plugin-file/CDVFile.m"; sourceTree = "<group>"; fileEncoding = 4; lastKnownFileType = sourcecode.c.objc; explicitFileType = undefined; includeInIndex = 0; };
		658FE95B710E49A1999BDB7E /* CDVLocalFilesystem.m */ = {isa = PBXFileReference; name = "CDVLocalFilesystem.m"; path = "cordova-plugin-file/CDVLocalFilesystem.m"; sourceTree = "<group>"; fileEncoding = 4; lastKnownFileType = sourcecode.c.objc; explicitFileType = undefined; includeInIndex = 0; };
		7ED824300AEE44F8A5BD61B6 /* CDVAssetLibraryFilesystem.m */ = {isa = PBXFileReference; name = "CDVAssetLibraryFilesystem.m"; path = "cordova-plugin-file/CDVAssetLibraryFilesystem.m"; sourceTree = "<group>"; fileEncoding = 4; lastKnownFileType = sourcecode.c.objc; explicitFileType = undefined; includeInIndex = 0; };
		D37BBA316FEF4F67BA3D627B /* CDVFile.h */ = {isa = PBXFileReference; name = "CDVFile.h"; path = "cordova-plugin-file/CDVFile.h"; sourceTree = "<group>"; fileEncoding = 4; lastKnownFileType = sourcecode.c.h; explicitFileType = undefined; includeInIndex = 0; };
		5C321453539B4B5399FFE943 /* CDVLocalFilesystem.h */ = {isa = PBXFileReference; name = "CDVLocalFilesystem.h"; path = "cordova-plugin-file/CDVLocalFilesystem.h"; sourceTree = "<group>"; fileEncoding = 4; lastKnownFileType = sourcecode.c.h; explicitFileType = undefined; includeInIndex = 0; };
		C8D2AA42A4704D6C9A8567A8 /* CDVAssetLibraryFilesystem.h */ = {isa = PBXFileReference; name = "CDVAssetLibraryFilesystem.h"; path = "cordova-plugin-file/CDVAssetLibraryFilesystem.h"; sourceTree = "<group>"; fileEncoding = 4; lastKnownFileType = sourcecode.c.h; explicitFileType = undefined; includeInIndex = 0; };
/* End PBXFileReference section */

/* Begin PBXFrameworksBuildPhase section */
		1D60588F0D05DD3D006BFB54 /* Frameworks */ = {
			isa = PBXFrameworksBuildPhase;
			buildActionMask = 2147483647;
			files = (
				301BF552109A68D80062928A /* libCordova.a in Frameworks */,
				FF61C259875B4B4A8C19E8B8 /* ImageIO.framework in Frameworks */,
				6A115BDC1F9F4C1FBAE43F0B /* AVFoundation.framework in Frameworks */,
				184ADA83CED34CC8A9A916DB /* AddressBook.framework in Frameworks */,
				C8DEA6FA22EA4997899B6DBA /* AddressBookUI.framework in Frameworks */,
				B74ABC6F0F184BB7871B5DFA /* libz.tbd in Frameworks */,
				45A0BE748B474A3492FD6400 /* CoreMotion.framework in Frameworks */,
				A60278B19B83480587EBB322 /* CoreLocation.framework in Frameworks */,
				E2A45CD919634F94B73E0E00 /* SystemConfiguration.framework in Frameworks */,
				9D83784734D948E8BEEE5754 /* CoreTelephony.framework in Frameworks */,
				24156A3321FD4DA0816EDEEA /* AudioToolbox.framework in Frameworks */,
			);
			runOnlyForDeploymentPostprocessing = 0;
		};
/* End PBXFrameworksBuildPhase section */

/* Begin PBXGroup section */
		080E96DDFE201D6D7F000001 /* Classes */ = {
			isa = PBXGroup;
			children = (
				302D95EE14D2391D003F00A1 /* MainViewController.h */,
				302D95EF14D2391D003F00A1 /* MainViewController.m */,
				302D95F014D2391D003F00A1 /* MainViewController.xib */,
				1D3623240D0F684500981E51 /* AppDelegate.h */,
				1D3623250D0F684500981E51 /* AppDelegate.m */,
			);
			name = Classes;
			path = "Nazarene/Classes";
			sourceTree = SOURCE_ROOT;
		};
		19C28FACFE9D520D11CA2CBB /* Products */ = {
			isa = PBXGroup;
			children = (
				1D6058910D05DD3D006BFB54 /* Nazarene.app */,
			);
			name = Products;
			sourceTree = "<group>";
		};
		29B97314FDCFA39411CA2CEA /* CustomTemplate */ = {
			isa = PBXGroup;
			children = (
				EB87FDF41871DAF40020F90C /* config.xml */,
				EB87FDF31871DA8E0020F90C /* www */,
				EB87FDF11871DA420020F90C /* Staging */,
				301BF52D109A57CC0062928A /* CordovaLib.xcodeproj */,
				080E96DDFE201D6D7F000001 /* Classes */,
				307C750510C5A3420062BCA9 /* Plugins */,
				29B97315FDCFA39411CA2CEA /* Other Sources */,
				29B97317FDCFA39411CA2CEA /* Resources */,
				29B97323FDCFA39411CA2CEA /* Frameworks */,
				19C28FACFE9D520D11CA2CBB /* Products */,
			);
			name = CustomTemplate;
			sourceTree = "<group>";
		};
		29B97315FDCFA39411CA2CEA /* Other Sources */ = {
			isa = PBXGroup;
			children = (
				32CA4F630368D1EE00C91783 /* Nazarene-Prefix.pch */,
				29B97316FDCFA39411CA2CEA /* main.m */,
				ED33DF2A687741AEAF9F8254 /* Bridging-Header.h */,
			);
			name = "Other Sources";
			path = "Nazarene";
			sourceTree = "<group>";
		};
		29B97317FDCFA39411CA2CEA /* Resources */ = {
			isa = PBXGroup;
			children = (
				0207DA571B56EA530066E2B4 /* Images.xcassets */,
				3047A50E1AB8057F00498E2A /* config */,
				8D1107310486CEB800E47090 /* Nazarene-Info.plist */,
				6AFF5BF81D6E424B00AB3073 /* CDVLaunchScreen.storyboard */,
				D31BE799A72244E9A6C37E10 /* CDVNotification.bundle */,
				AB378251880841979201B29F /* CDVCapture.bundle */,
			);
			name = Resources;
			path = "Nazarene/Resources";
			sourceTree = "<group>";
		};
		29B97323FDCFA39411CA2CEA /* Frameworks */ = {
			isa = PBXGroup;
			children = (
				1DAADAEF6B6F4A8296D0CD73 /* ImageIO.framework */,
				C08ACF8C7491478AAA9F893A /* AVFoundation.framework */,
				D2E221B5C1DA4036B7E291BD /* AddressBook.framework */,
				7F3E3C0A1B6842DD94480E5B /* AddressBookUI.framework */,
				C9EF184A031B4D03A0534830 /* libz.tbd */,
				E9FB7243A27549AEA0916371 /* CoreMotion.framework */,
				3999C2B8D2024F53B4FD3F7A /* CoreLocation.framework */,
				B5D64382A14D4825ADCE1CF2 /* SystemConfiguration.framework */,
				FADEBBA556964AC19C9DEAEF /* CoreTelephony.framework */,
				A5CD500689EB4115ADB84419 /* AudioToolbox.framework */,
			);
			name = Frameworks;
			sourceTree = "<group>";
		};
		301BF52E109A57CC0062928A /* Products */ = {
			isa = PBXGroup;
			children = (
				301BF535109A57CC0062928A /* libCordova.a */,
			);
			name = Products;
			sourceTree = "<group>";
		};
		3047A50E1AB8057F00498E2A /* config */ = {
			isa = PBXGroup;
			children = (
				3047A50F1AB8059700498E2A /* build-debug.xcconfig */,
				3047A5101AB8059700498E2A /* build-release.xcconfig */,
				3047A5111AB8059700498E2A /* build.xcconfig */,
			);
			name = config;
			sourceTree = "<group>";
		};
		307C750510C5A3420062BCA9 /* Plugins */ = {
			isa = PBXGroup;
			children = (
				415B3EDC0BD044BD88AB5E31 /* CDVBattery.m */,
				D800F3F3D4EA4384A054F30B /* CDVBattery.h */,
				54981FE5602C4A18B254F8D9 /* UIImage+CropScaleOrientation.m */,
				CB8D5651F3EA4176B925366A /* CDVCamera.m */,
				C84A6BB67DF64D6F9910CE4B /* CDVJpegHeaderWriter.m */,
				FED2D2369CCA423F8DF23C8A /* UIImage+CropScaleOrientation.h */,
				C160777ED9A146EF906B6B86 /* CDVCamera.h */,
				31093868F09447E0BE115F9C /* CDVJpegHeaderWriter.h */,
				24A239979C154FB6BE0A7C30 /* CDVExif.h */,
				CB789B230257416FBF195B1F /* CDVLogger.m */,
				725F0A6F009F45ACB04834AF /* CDVLogger.h */,
				2D1C999B72F04BD3B41A8F62 /* CDVContacts.m */,
				2040BF2602924977AF287A31 /* CDVContact.m */,
				08BF26E087814DA68DAB43CD /* CDVContacts.h */,
				6B5488E8E0B94332B5EFF2DC /* CDVContact.h */,
				892CE777DBBB4BE0A04CF0E2 /* CDVDevice.m */,
				0A2EC715E95D4D9994286CF3 /* CDVDevice.h */,
				26FEA6384B0A480B91DA54AC /* CDVAccelerometer.m */,
				5B77883CBA6C47B1A83D38E2 /* CDVAccelerometer.h */,
				D7F2ABF116C54575BD6CFC43 /* CDVCompass.m */,
				547A9D4BF3FA46C4844EDC7E /* CDVCompass.h */,
				B5B57B91F1784FCEAF4D256B /* CDVNotification.m */,
				CFEE892C9EF04B5EADBC86BF /* CDVNotification.h */,
				B9156C6D6EA04E06957BF056 /* CDVFileTransfer.m */,
				52EB07218503416FB8AF8FEF /* CDVFileTransfer.h */,
				6D05EAC0871E486DBADA7575 /* CDVLocation.m */,
				7938E1B80CFA4CAC902E8816 /* CDVLocation.h */,
				3A33E049C44A440E88EBF8F4 /* CDVGlobalization.m */,
				44CDBE19CAA84DAEA5A6D8E3 /* CDVGlobalization.h */,
				7E3A340CA74A402A919319C2 /* CDVInAppBrowser.m */,
				46780D1EBF8A47EEA665F03C /* CDVInAppBrowser.h */,
				5FC57E4E97A44852AC772986 /* CDVSound.m */,
				5FAE905043AE4C00BB82A251 /* CDVSound.h */,
				C6E55E909B1F42FD943686A2 /* CDVCapture.m */,
				8ADF7A8E4B8044E8AFA1A6CF /* CDVCapture.h */,
				BEBB3B7F1FF64F6ABFA3C46F /* CDVConnection.m */,
				1D10125DB8C543ED878083BC /* CDVReachability.m */,
				942254B7D9BC450FA38C9C35 /* CDVConnection.h */,
				6B3CBB69CCD94B0FB3629336 /* CDVReachability.h */,
				D64994ABB017470DBABA82AA /* CDVSplashScreen.m */,
				6CAA408A0EFA4CBA93CAA059 /* CDVViewController+SplashScreen.m */,
				BEC3E0032A4B4CB2954FA470 /* CDVSplashScreen.h */,
				3DDC9EFD000D4F15B32B2FF3 /* CDVViewController+SplashScreen.h */,
				93134BD09C704C19A8D48948 /* CDVStatusBar.m */,
				A84115EAD9A749988BDC1686 /* CDVStatusBar.h */,
				89A5017722E7479FA5AFA46E /* CDVVibration.m */,
				CF5F01ECFD6949158C7915D7 /* CDVVibration.h */,
				A9B4547AE04C4AB39EAEA66E /* CDVFile.m */,
				658FE95B710E49A1999BDB7E /* CDVLocalFilesystem.m */,
				7ED824300AEE44F8A5BD61B6 /* CDVAssetLibraryFilesystem.m */,
				D37BBA316FEF4F67BA3D627B /* CDVFile.h */,
				5C321453539B4B5399FFE943 /* CDVLocalFilesystem.h */,
				C8D2AA42A4704D6C9A8567A8 /* CDVAssetLibraryFilesystem.h */,
			);
			name = Plugins;
			path = "Nazarene/Plugins";
			sourceTree = SOURCE_ROOT;
		};
		EB87FDF11871DA420020F90C /* Staging */ = {
			isa = PBXGroup;
			children = (
				F840E1F0165FE0F500CFE078 /* config.xml */,
				301BF56E109A69640062928A /* www */,
			);
			name = Staging;
			sourceTree = "<group>";
		};
/* End PBXGroup section */

/* Begin PBXNativeTarget section */
		1D6058900D05DD3D006BFB54 /* Nazarene */ = {
			isa = PBXNativeTarget;
			buildConfigurationList = 1D6058960D05DD3E006BFB54 /* Build configuration list for PBXNativeTarget "Nazarene" */;
			buildPhases = (
				304B58A110DAC018002A0835 /* Copy www directory */,
				1D60588D0D05DD3D006BFB54 /* Resources */,
				1D60588E0D05DD3D006BFB54 /* Sources */,
				1D60588F0D05DD3D006BFB54 /* Frameworks */,
			);
			buildRules = (
			);
			dependencies = (
				301BF551109A68C00062928A /* PBXTargetDependency */,
			);
			name = "Nazarene";
			productName = "Nazarene";
			productReference = 1D6058910D05DD3D006BFB54 /* Nazarene.app */;
			productType = "com.apple.product-type.application";
		};
/* End PBXNativeTarget section */

/* Begin PBXProject section */
		29B97313FDCFA39411CA2CEA /* Project object */ = {
			isa = PBXProject;
			attributes = {
				LastUpgradeCheck = 510;
			};
			buildConfigurationList = C01FCF4E08A954540054247B /* Build configuration list for PBXProject "__NON-CLI__" */;
			compatibilityVersion = "Xcode 3.2";
			developmentRegion = English;
			hasScannedForEncodings = 1;
			mainGroup = 29B97314FDCFA39411CA2CEA /* CustomTemplate */;
			projectDirPath = "";
			projectReferences = (
				{
					ProductGroup = 301BF52E109A57CC0062928A /* Products */;
					ProjectRef = 301BF52D109A57CC0062928A /* CordovaLib.xcodeproj */;
				},
			);
			projectRoot = "";
			targets = (
				1D6058900D05DD3D006BFB54 /* Nazarene */,
			);
		};
/* End PBXProject section */

/* Begin PBXReferenceProxy section */
		301BF535109A57CC0062928A /* libCordova.a */ = {
			isa = PBXReferenceProxy;
			fileType = archive.ar;
			path = libCordova.a;
			remoteRef = 301BF534109A57CC0062928A /* PBXContainerItemProxy */;
			sourceTree = BUILT_PRODUCTS_DIR;
		};
/* End PBXReferenceProxy section */

/* Begin PBXResourcesBuildPhase section */
		1D60588D0D05DD3D006BFB54 /* Resources */ = {
			isa = PBXResourcesBuildPhase;
			buildActionMask = 2147483647;
			files = (
				302D95F214D2391D003F00A1 /* MainViewController.xib in Resources */,
				0207DA581B56EA530066E2B4 /* Images.xcassets in Resources */,
				6AFF5BF91D6E424B00AB3073 /* CDVLaunchScreen.storyboard in Resources */,
				4F5FA619064042B2A5EE57D1 /* CDVNotification.bundle in Resources */,
				4E000BF46026439580392DDC /* CDVCapture.bundle in Resources */,
			);
			runOnlyForDeploymentPostprocessing = 0;
		};
/* End PBXResourcesBuildPhase section */

/* Begin PBXShellScriptBuildPhase section */
		304B58A110DAC018002A0835 /* Copy www directory */ = {
			isa = PBXShellScriptBuildPhase;
			buildActionMask = 2147483647;
			files = (
			);
			inputPaths = (
			);
			name = "Copy www directory";
			outputPaths = (
			);
			runOnlyForDeploymentPostprocessing = 0;
			shellPath = /bin/sh;
			shellScript = "NODEJS_PATH=/usr/local/bin; NVM_NODE_PATH=~/.nvm/versions/node/`nvm version 2>/dev/null`/bin; N_NODE_PATH=`find /usr/local/n/versions/node/* -maxdepth 0 -type d 2>/dev/null | tail -1`/bin; XCODE_NODE_PATH=`xcode-select --print-path`/usr/share/xcs/Node/bin; PATH=$NODEJS_PATH:$NVM_NODE_PATH:$N_NODE_PATH:$XCODE_NODE_PATH:$PATH && node cordova/lib/copy-www-build-step.js";
			showEnvVarsInLog = 0;
		};
/* End PBXShellScriptBuildPhase section */

/* Begin PBXSourcesBuildPhase section */
		1D60588E0D05DD3D006BFB54 /* Sources */ = {
			isa = PBXSourcesBuildPhase;
			buildActionMask = 2147483647;
			files = (
				1D60589B0D05DD56006BFB54 /* main.m in Sources */,
				1D3623260D0F684500981E51 /* AppDelegate.m in Sources */,
				302D95F114D2391D003F00A1 /* MainViewController.m in Sources */,
				AF696B543A4D4D99BC62F6A5 /* CDVBattery.m in Sources */,
				5D52B81300F040389FE2A045 /* UIImage+CropScaleOrientation.m in Sources */,
				E4D1189D957245D8AB16D55D /* CDVCamera.m in Sources */,
				620BC09455B04D1A8421B915 /* CDVJpegHeaderWriter.m in Sources */,
				4C9887D5D1BA43B68BEAEB94 /* CDVLogger.m in Sources */,
				8B55CB3956134744ACC5DDEE /* CDVContacts.m in Sources */,
				6762F189466F4955875449A7 /* CDVContact.m in Sources */,
				A78D289158FE4C36A228BBA2 /* CDVDevice.m in Sources */,
				7E77812A90D74A0FBBF6DAF4 /* CDVAccelerometer.m in Sources */,
				7115ACDCB10F49A79366D8D2 /* CDVCompass.m in Sources */,
				0A1A4F4147734F49AE48BA7C /* CDVNotification.m in Sources */,
				8AF57DD6D7394B69BF293EF3 /* CDVFileTransfer.m in Sources */,
				DD780CBD047248DD8AEC4805 /* CDVLocation.m in Sources */,
				22851C8019C24222BEE44D55 /* CDVGlobalization.m in Sources */,
				3FCF08EADB1F49629E979100 /* CDVInAppBrowser.m in Sources */,
				9F7F317F106740508E44C5DC /* CDVSound.m in Sources */,
				45E5FA12126B4AE78A593ADA /* CDVCapture.m in Sources */,
				A6B86DD8E9D9477F8073DB6F /* CDVConnection.m in Sources */,
				9D756935F6AC4AAB8863570B /* CDVReachability.m in Sources */,
				1DA7A052EA7C49DBAC0F06F4 /* CDVSplashScreen.m in Sources */,
				A3D98B57523E4E928A432C64 /* CDVViewController+SplashScreen.m in Sources */,
				D84A3FD121374C1CB139F2C6 /* CDVStatusBar.m in Sources */,
				70D0A0F679644B3FA0A5BA58 /* CDVVibration.m in Sources */,
				EFFBFA1658204A6D92A00DFC /* CDVFile.m in Sources */,
				138ABA1AF7A342E980F3B7F1 /* CDVLocalFilesystem.m in Sources */,
				9041E6BDD6E44ABE8FC73078 /* CDVAssetLibraryFilesystem.m in Sources */,
			);
			runOnlyForDeploymentPostprocessing = 0;
		};
/* End PBXSourcesBuildPhase section */

/* Begin PBXTargetDependency section */
		301BF551109A68C00062928A /* PBXTargetDependency */ = {
			isa = PBXTargetDependency;
			name = CordovaLib;
			targetProxy = 301BF550109A68C00062928A /* PBXContainerItemProxy */;
		};
/* End PBXTargetDependency section */

/* Begin XCBuildConfiguration section */
		1D6058940D05DD3E006BFB54 /* Debug */ = {
			isa = XCBuildConfiguration;
			baseConfigurationReference = 3047A50F1AB8059700498E2A /* build-debug.xcconfig */;
			buildSettings = {
				ALWAYS_SEARCH_USER_PATHS = NO;
				ASSETCATALOG_COMPILER_APPICON_NAME = AppIcon;
				ASSETCATALOG_COMPILER_LAUNCHIMAGE_NAME = LaunchImage;
				CLANG_ENABLE_MODULES = YES;
				CLANG_ENABLE_OBJC_ARC = YES;
				COPY_PHASE_STRIP = NO;
				GCC_DYNAMIC_NO_PIC = NO;
				GCC_OPTIMIZATION_LEVEL = 0;
				GCC_PRECOMPILE_PREFIX_HEADER = YES;
				GCC_PREFIX_HEADER = "Nazarene/Nazarene-Prefix.pch";
				GCC_THUMB_SUPPORT = NO;
				GCC_VERSION = "";
				INFOPLIST_FILE = "Nazarene/Nazarene-Info.plist";
				IPHONEOS_DEPLOYMENT_TARGET = 9.0;
				LD_RUNPATH_SEARCH_PATHS = "@executable_path/Frameworks";
				TARGETED_DEVICE_FAMILY = "1,2";
				PRODUCT_NAME = "Nazarene";
			};
			name = Debug;
		};
		1D6058950D05DD3E006BFB54 /* Release */ = {
			isa = XCBuildConfiguration;
			baseConfigurationReference = 3047A5101AB8059700498E2A /* build-release.xcconfig */;
			buildSettings = {
				ALWAYS_SEARCH_USER_PATHS = NO;
				ASSETCATALOG_COMPILER_APPICON_NAME = AppIcon;
				ASSETCATALOG_COMPILER_LAUNCHIMAGE_NAME = LaunchImage;
				CLANG_ENABLE_MODULES = YES;
				CLANG_ENABLE_OBJC_ARC = YES;
				COPY_PHASE_STRIP = YES;
				GCC_PRECOMPILE_PREFIX_HEADER = YES;
				GCC_PREFIX_HEADER = "Nazarene/Nazarene-Prefix.pch";
				GCC_THUMB_SUPPORT = NO;
				GCC_VERSION = "";
				INFOPLIST_FILE = "Nazarene/Nazarene-Info.plist";
				IPHONEOS_DEPLOYMENT_TARGET = 9.0;
				LD_RUNPATH_SEARCH_PATHS = "@executable_path/Frameworks";
				TARGETED_DEVICE_FAMILY = "1,2";
				PRODUCT_NAME = "Nazarene";
			};
			name = Release;
		};
		C01FCF4F08A954540054247B /* Debug */ = {
			isa = XCBuildConfiguration;
			baseConfigurationReference = 3047A5111AB8059700498E2A /* build.xcconfig */;
			buildSettings = {
				CLANG_ENABLE_MODULES = YES;
				CLANG_ENABLE_OBJC_ARC = YES;
				CLANG_WARN_BOOL_CONVERSION = YES;
				CLANG_WARN_CONSTANT_CONVERSION = YES;
				CLANG_WARN_EMPTY_BODY = YES;
				CLANG_WARN_ENUM_CONVERSION = YES;
				CLANG_WARN_INT_CONVERSION = YES;
				CLANG_WARN__DUPLICATE_METHOD_MATCH = YES;
				GCC_C_LANGUAGE_STANDARD = c99;
				GCC_THUMB_SUPPORT = NO;
				GCC_VERSION = "";
				GCC_WARN_ABOUT_RETURN_TYPE = YES;
				GCC_WARN_UNDECLARED_SELECTOR = YES;
				GCC_WARN_UNINITIALIZED_AUTOS = YES;
				GCC_WARN_UNUSED_FUNCTION = YES;
				GCC_WARN_UNUSED_VARIABLE = YES;
				ONLY_ACTIVE_ARCH = YES;
				SDKROOT = iphoneos;
				SKIP_INSTALL = NO;
				ASSETCATALOG_COMPILER_LAUNCHIMAGE_NAME = LaunchImage;
			};
			name = Debug;
		};
		C01FCF5008A954540054247B /* Release */ = {
			isa = XCBuildConfiguration;
			baseConfigurationReference = 3047A5111AB8059700498E2A /* build.xcconfig */;
			buildSettings = {
				CLANG_ENABLE_MODULES = YES;
				CLANG_ENABLE_OBJC_ARC = YES;
				CLANG_WARN_BOOL_CONVERSION = YES;
				CLANG_WARN_CONSTANT_CONVERSION = YES;
				CLANG_WARN_EMPTY_BODY = YES;
				CLANG_WARN_ENUM_CONVERSION = YES;
				CLANG_WARN_INT_CONVERSION = YES;
				CLANG_WARN__DUPLICATE_METHOD_MATCH = YES;
				GCC_C_LANGUAGE_STANDARD = c99;
				GCC_THUMB_SUPPORT = NO;
				GCC_VERSION = "";
				GCC_WARN_ABOUT_RETURN_TYPE = YES;
				GCC_WARN_UNDECLARED_SELECTOR = YES;
				GCC_WARN_UNINITIALIZED_AUTOS = YES;
				GCC_WARN_UNUSED_FUNCTION = YES;
				GCC_WARN_UNUSED_VARIABLE = YES;
				SDKROOT = iphoneos;
				SKIP_INSTALL = NO;
				ASSETCATALOG_COMPILER_LAUNCHIMAGE_NAME = LaunchImage;
			};
			name = Release;
		};
/* End XCBuildConfiguration section */

/* Begin XCConfigurationList section */
		1D6058960D05DD3E006BFB54 /* Build configuration list for PBXNativeTarget "Nazarene" */ = {
			isa = XCConfigurationList;
			buildConfigurations = (
				1D6058940D05DD3E006BFB54 /* Debug */,
				1D6058950D05DD3E006BFB54 /* Release */,
			);
			defaultConfigurationIsVisible = 0;
			defaultConfigurationName = Release;
		};
		C01FCF4E08A954540054247B /* Build configuration list for PBXProject "__NON-CLI__" */ = {
			isa = XCConfigurationList;
			buildConfigurations = (
				C01FCF4F08A954540054247B /* Debug */,
				C01FCF5008A954540054247B /* Release */,
			);
			defaultConfigurationIsVisible = 0;
			defaultConfigurationName = Release;
		};
/* End XCConfigurationList section */
	};
	rootObject = 29B97313FDCFA39411CA2CEA /* Project object */;
}
